PODS:
  - Alamofire (4.3.0)
  - Eureka (2.0.1)
  - PureLayout (3.0.2)
  - Unbox (2.4.0)

DEPENDENCIES:
  - Alamofire
  - Eureka
  - PureLayout
  - Unbox

SPEC CHECKSUMS:
  Alamofire: 856a113053a7bc9cbe5d6367a555d773fc5cfef7
  Eureka: ae837bb1dfae0c07bc1bda7aeef87876eeb537c2
  PureLayout: 4d550abe49a94f24c2808b9b95db9131685fe4cd
  Unbox: c8b2ab69d3337597b4a3f47a0538807dc12db670

PODFILE CHECKSUM: dce87de7600dca2ce29a20f256800b0ecf08ab9b

COCOAPODS: 1.2.0
